
Microsoft Visual Studio Solution File, Format Version 12.00
# Visual Studio 15
VisualStudioVersion = 15.0.27004.2002
MinimumVisualStudioVersion = 10.0.40219.1
Project("{FAE04EC0-301F-11D3-BF4B-00C04F79EFBC}") = "CarsNOwners.Presentation", "CarsNOwners.Presentation\CarsNOwners.Presentation.csproj", "{A768E078-E9CB-45A7-B8A5-C4873BA0C21A}"
EndProject
Global
	GlobalSection(SolutionConfigurationPlatforms) = preSolution
		Debug|Any CPU = Debug|Any CPU
		Release|Any CPU = Release|Any CPU
	EndGlobalSection
	GlobalSection(ProjectConfigurationPlatforms) = postSolution
		{A768E078-E9CB-45A7-B8A5-C4873BA0C21A}.Debug|Any CPU.ActiveCfg = Debug|Any CPU
		{A768E078-E9CB-45A7-B8A5-C4873BA0C21A}.Debug|Any CPU.Build.0 = Debug|Any CPU
		{A768E078-E9CB-45A7-B8A5-C4873BA0C21A}.Release|Any CPU.ActiveCfg = Release|Any CPU
		{A768E078-E9CB-45A7-B8A5-C4873BA0C21A}.Release|Any CPU.Build.0 = Release|Any CPU
	EndGlobalSection
	GlobalSection(SolutionProperties) = preSolution
		HideSolutionNode = FALSE
	EndGlobalSection
	GlobalSection(ExtensibilityGlobals) = postSolution
		SolutionGuid = {57759CF4-6B2C-425B-9EA0-E02C9BA6A635}
	EndGlobalSection
EndGlobal
